
Microsoft Visual Studio Solution File, Format Version 12.00
# Visual Studio 15
VisualStudioVersion = 15.0.27428.2043
MinimumVisualStudioVersion = 10.0.40219.1
Project("{9A19103F-16F7-4668-BE54-9A1E7A4F7556}") = "API.SuperHeroes.Domain", "API.SuperHeroes.Domain\API.SuperHeroes.Domain.csproj", "{28285F6E-EB10-4DFA-9DC1-12B21F25140E}"
EndProject
Project("{9A19103F-16F7-4668-BE54-9A1E7A4F7556}") = "API.SuperHeroes.Infra.Data", "API.SuperHeroes.Infra.Data\API.SuperHeroes.Infra.Data.csproj", "{78B93E0B-CC72-404C-BCFD-821A1F2C164F}"
EndProject
Project("{9A19103F-16F7-4668-BE54-9A1E7A4F7556}") = "API.SuperHeroes.Api", "API.SuperHeroes.Api\API.SuperHeroes.Api.csproj", "{36B286F3-88CF-42ED-8DAD-9E010CEB8C22}"
EndProject
Project("{9A19103F-16F7-4668-BE54-9A1E7A4F7556}") = "API.SuperHeroes.Infra.CrossCutting.IoC", "API.SuperHeroes.Infra.IoC\API.SuperHeroes.Infra.CrossCutting.IoC.csproj", "{FAD5898A-7C2C-452C-8373-89439579A65D}"
EndProject
Project("{9A19103F-16F7-4668-BE54-9A1E7A4F7556}") = "API.SuperHeroes.Test", "API.SuperHeroes.Test\API.SuperHeroes.Test.csproj", "{7DE0632A-B40F-467B-AF2A-C36A2C47F370}"
EndProject
Global
	GlobalSection(SolutionConfigurationPlatforms) = preSolution
		Debug|Any CPU = Debug|Any CPU
		Release|Any CPU = Release|Any CPU
	EndGlobalSection
	GlobalSection(ProjectConfigurationPlatforms) = postSolution
		{28285F6E-EB10-4DFA-9DC1-12B21F25140E}.Debug|Any CPU.ActiveCfg = Debug|Any CPU
		{28285F6E-EB10-4DFA-9DC1-12B21F25140E}.Debug|Any CPU.Build.0 = Debug|Any CPU
		{28285F6E-EB10-4DFA-9DC1-12B21F25140E}.Release|Any CPU.ActiveCfg = Release|Any CPU
		{28285F6E-EB10-4DFA-9DC1-12B21F25140E}.Release|Any CPU.Build.0 = Release|Any CPU
		{78B93E0B-CC72-404C-BCFD-821A1F2C164F}.Debug|Any CPU.ActiveCfg = Debug|Any CPU
		{78B93E0B-CC72-404C-BCFD-821A1F2C164F}.Debug|Any CPU.Build.0 = Debug|Any CPU
		{78B93E0B-CC72-404C-BCFD-821A1F2C164F}.Release|Any CPU.ActiveCfg = Release|Any CPU
		{78B93E0B-CC72-404C-BCFD-821A1F2C164F}.Release|Any CPU.Build.0 = Release|Any CPU
		{36B286F3-88CF-42ED-8DAD-9E010CEB8C22}.Debug|Any CPU.ActiveCfg = Debug|Any CPU
		{36B286F3-88CF-42ED-8DAD-9E010CEB8C22}.Debug|Any CPU.Build.0 = Debug|Any CPU
		{36B286F3-88CF-42ED-8DAD-9E010CEB8C22}.Release|Any CPU.ActiveCfg = Release|Any CPU
		{36B286F3-88CF-42ED-8DAD-9E010CEB8C22}.Release|Any CPU.Build.0 = Release|Any CPU
		{FAD5898A-7C2C-452C-8373-89439579A65D}.Debug|Any CPU.ActiveCfg = Debug|Any CPU
		{FAD5898A-7C2C-452C-8373-89439579A65D}.Debug|Any CPU.Build.0 = Debug|Any CPU
		{FAD5898A-7C2C-452C-8373-89439579A65D}.Release|Any CPU.ActiveCfg = Release|Any CPU
		{FAD5898A-7C2C-452C-8373-89439579A65D}.Release|Any CPU.Build.0 = Release|Any CPU
		{7DE0632A-B40F-467B-AF2A-C36A2C47F370}.Debug|Any CPU.ActiveCfg = Debug|Any CPU
		{7DE0632A-B40F-467B-AF2A-C36A2C47F370}.Debug|Any CPU.Build.0 = Debug|Any CPU
		{7DE0632A-B40F-467B-AF2A-C36A2C47F370}.Release|Any CPU.ActiveCfg = Release|Any CPU
		{7DE0632A-B40F-467B-AF2A-C36A2C47F370}.Release|Any CPU.Build.0 = Release|Any CPU
	EndGlobalSection
	GlobalSection(SolutionProperties) = preSolution
		HideSolutionNode = FALSE
	EndGlobalSection
	GlobalSection(ExtensibilityGlobals) = postSolution
		SolutionGuid = {370032D3-0AD4-4E92-87C1-3D5FB2AE9A8C}
	EndGlobalSection
EndGlobal
